
Microsoft Visual Studio Solution File, Format Version 12.00
# Visual Studio Version 16
VisualStudioVersion = 16.0.29123.89
MinimumVisualStudioVersion = 10.0.40219.1
Project("{2150E333-8FDC-42A3-9474-1A3956D46DE8}") = "Microservices", "Microservices", "{D144A395-20A8-4830-A4FC-66B2A7D972F2}"
EndProject
Project("{2150E333-8FDC-42A3-9474-1A3956D46DE8}") = "Domain", "Domain", "{1DD43E4C-0446-4ED8-87F3-5F19D7608BA2}"
EndProject
Project("{2150E333-8FDC-42A3-9474-1A3956D46DE8}") = "Infra.Bus", "Infra.Bus", "{D2DAD788-7045-488E-9258-E130595E7346}"
EndProject
Project("{2150E333-8FDC-42A3-9474-1A3956D46DE8}") = "Infra.IoC", "Infra.IoC", "{EF0D92C8-1302-492A-BF17-1E42A1705E38}"
EndProject
Project("{2150E333-8FDC-42A3-9474-1A3956D46DE8}") = "Presentation", "Presentation", "{3E51321F-9722-45E9-A0DC-DB8DE4073800}"
EndProject
Project("{FAE04EC0-301F-11D3-BF4B-00C04F79EFBC}") = "MicroRabbit.Domain.Core", "MicroRabbit.Domain.Core\MicroRabbit.Domain.Core.csproj", "{774CD910-D479-46EF-A3BE-F117BE9742BC}"
EndProject
Project("{FAE04EC0-301F-11D3-BF4B-00C04F79EFBC}") = "MicroRabbit.Infra.Bus", "MicroRabbit.Infra.Bus\MicroRabbit.Infra.Bus.csproj", "{597175A0-D49D-48A9-A621-8CE3C803E0C2}"
EndProject
Global
	GlobalSection(SolutionConfigurationPlatforms) = preSolution
		Debug|Any CPU = Debug|Any CPU
		Release|Any CPU = Release|Any CPU
	EndGlobalSection
	GlobalSection(ProjectConfigurationPlatforms) = postSolution
		{774CD910-D479-46EF-A3BE-F117BE9742BC}.Debug|Any CPU.ActiveCfg = Debug|Any CPU
		{774CD910-D479-46EF-A3BE-F117BE9742BC}.Debug|Any CPU.Build.0 = Debug|Any CPU
		{774CD910-D479-46EF-A3BE-F117BE9742BC}.Release|Any CPU.ActiveCfg = Release|Any CPU
		{774CD910-D479-46EF-A3BE-F117BE9742BC}.Release|Any CPU.Build.0 = Release|Any CPU
		{597175A0-D49D-48A9-A621-8CE3C803E0C2}.Debug|Any CPU.ActiveCfg = Debug|Any CPU
		{597175A0-D49D-48A9-A621-8CE3C803E0C2}.Debug|Any CPU.Build.0 = Debug|Any CPU
		{597175A0-D49D-48A9-A621-8CE3C803E0C2}.Release|Any CPU.ActiveCfg = Release|Any CPU
		{597175A0-D49D-48A9-A621-8CE3C803E0C2}.Release|Any CPU.Build.0 = Release|Any CPU
	EndGlobalSection
	GlobalSection(SolutionProperties) = preSolution
		HideSolutionNode = FALSE
	EndGlobalSection
	GlobalSection(NestedProjects) = preSolution
		{774CD910-D479-46EF-A3BE-F117BE9742BC} = {1DD43E4C-0446-4ED8-87F3-5F19D7608BA2}
		{597175A0-D49D-48A9-A621-8CE3C803E0C2} = {D2DAD788-7045-488E-9258-E130595E7346}
	EndGlobalSection
	GlobalSection(ExtensibilityGlobals) = postSolution
		SolutionGuid = {0DEF6478-4C7A-45C0-B0B4-A9D69FEEF7D9}
	EndGlobalSection
EndGlobal
